
Microsoft Visual Studio Solution File, Format Version 12.00
# Visual Studio Version 16
VisualStudioVersion = 16.0.30011.22
MinimumVisualStudioVersion = 10.0.40219.1
Project("{FAE04EC0-301F-11D3-BF4B-00C04F79EFBC}") = "Clearsale.Api", "src\Clearsale.Api\Clearsale.Api.csproj", "{97846889-95A6-47F5-86B3-E0DD17D1F6B0}"
EndProject
Project("{FAE04EC0-301F-11D3-BF4B-00C04F79EFBC}") = "Clearsale.Domain", "src\Clearsale.Domain\Clearsale.Domain.csproj", "{03E0FEF6-1CFD-40DE-A75E-59039F84C251}"
EndProject
Project("{FAE04EC0-301F-11D3-BF4B-00C04F79EFBC}") = "Clearsale.Infra", "src\Clearsale.Infra\Clearsale.Infra.csproj", "{F59B1EC8-75FE-4320-85DF-8A9A225C8B4E}"
EndProject
Project("{FAE04EC0-301F-11D3-BF4B-00C04F79EFBC}") = "Clearsale.Shared", "src\Clearsale.Shared\Clearsale.Shared.csproj", "{03E4CE65-49FF-4051-BB53-BB82A39902D8}"
EndProject
Project("{FAE04EC0-301F-11D3-BF4B-00C04F79EFBC}") = "Clearsale.Tests", "src\Clearsale.Tests\Clearsale.Tests.csproj", "{09959591-4A2F-49FD-B506-C2339755A8FB}"
EndProject
Global
	GlobalSection(SolutionConfigurationPlatforms) = preSolution
		Debug|Any CPU = Debug|Any CPU
		Release|Any CPU = Release|Any CPU
	EndGlobalSection
	GlobalSection(ProjectConfigurationPlatforms) = postSolution
		{97846889-95A6-47F5-86B3-E0DD17D1F6B0}.Debug|Any CPU.ActiveCfg = Debug|Any CPU
		{97846889-95A6-47F5-86B3-E0DD17D1F6B0}.Debug|Any CPU.Build.0 = Debug|Any CPU
		{97846889-95A6-47F5-86B3-E0DD17D1F6B0}.Release|Any CPU.ActiveCfg = Release|Any CPU
		{97846889-95A6-47F5-86B3-E0DD17D1F6B0}.Release|Any CPU.Build.0 = Release|Any CPU
		{03E0FEF6-1CFD-40DE-A75E-59039F84C251}.Debug|Any CPU.ActiveCfg = Debug|Any CPU
		{03E0FEF6-1CFD-40DE-A75E-59039F84C251}.Debug|Any CPU.Build.0 = Debug|Any CPU
		{03E0FEF6-1CFD-40DE-A75E-59039F84C251}.Release|Any CPU.ActiveCfg = Release|Any CPU
		{03E0FEF6-1CFD-40DE-A75E-59039F84C251}.Release|Any CPU.Build.0 = Release|Any CPU
		{F59B1EC8-75FE-4320-85DF-8A9A225C8B4E}.Debug|Any CPU.ActiveCfg = Debug|Any CPU
		{F59B1EC8-75FE-4320-85DF-8A9A225C8B4E}.Debug|Any CPU.Build.0 = Debug|Any CPU
		{F59B1EC8-75FE-4320-85DF-8A9A225C8B4E}.Release|Any CPU.ActiveCfg = Release|Any CPU
		{F59B1EC8-75FE-4320-85DF-8A9A225C8B4E}.Release|Any CPU.Build.0 = Release|Any CPU
		{03E4CE65-49FF-4051-BB53-BB82A39902D8}.Debug|Any CPU.ActiveCfg = Debug|Any CPU
		{03E4CE65-49FF-4051-BB53-BB82A39902D8}.Debug|Any CPU.Build.0 = Debug|Any CPU
		{03E4CE65-49FF-4051-BB53-BB82A39902D8}.Release|Any CPU.ActiveCfg = Release|Any CPU
		{03E4CE65-49FF-4051-BB53-BB82A39902D8}.Release|Any CPU.Build.0 = Release|Any CPU
		{09959591-4A2F-49FD-B506-C2339755A8FB}.Debug|Any CPU.ActiveCfg = Debug|Any CPU
		{09959591-4A2F-49FD-B506-C2339755A8FB}.Debug|Any CPU.Build.0 = Debug|Any CPU
		{09959591-4A2F-49FD-B506-C2339755A8FB}.Release|Any CPU.ActiveCfg = Release|Any CPU
		{09959591-4A2F-49FD-B506-C2339755A8FB}.Release|Any CPU.Build.0 = Release|Any CPU
	EndGlobalSection
	GlobalSection(SolutionProperties) = preSolution
		HideSolutionNode = FALSE
	EndGlobalSection
	GlobalSection(ExtensibilityGlobals) = postSolution
		SolutionGuid = {EC6820EA-0B66-416F-B113-B54322738877}
	EndGlobalSection
EndGlobal
